
Microsoft Visual Studio Solution File, Format Version 12.00
# Visual Studio Version 16
VisualStudioVersion = 16.0.29920.165
MinimumVisualStudioVersion = 10.0.40219.1
Project("{FAE04EC0-301F-11D3-BF4B-00C04F79EFBC}") = "Tutorials", "Tutorials.csproj", "{0DD66294-CDE4-4EC0-9F3A-FDE52E730EDE}"
EndProject
Global
	GlobalSection(SolutionConfigurationPlatforms) = preSolution
		Debug|Any CPU = Debug|Any CPU
		Release|Any CPU = Release|Any CPU
	EndGlobalSection
	GlobalSection(ProjectConfigurationPlatforms) = postSolution
		{0DD66294-CDE4-4EC0-9F3A-FDE52E730EDE}.Debug|Any CPU.ActiveCfg = Debug|Any CPU
		{0DD66294-CDE4-4EC0-9F3A-FDE52E730EDE}.Debug|Any CPU.Build.0 = Debug|Any CPU
		{0DD66294-CDE4-4EC0-9F3A-FDE52E730EDE}.Release|Any CPU.ActiveCfg = Release|Any CPU
		{0DD66294-CDE4-4EC0-9F3A-FDE52E730EDE}.Release|Any CPU.Build.0 = Release|Any CPU
	EndGlobalSection
	GlobalSection(SolutionProperties) = preSolution
		HideSolutionNode = FALSE
	EndGlobalSection
	GlobalSection(ExtensibilityGlobals) = postSolution
		SolutionGuid = {1C75B3BC-9E6A-4F72-985C-E95E06F99F68}
	EndGlobalSection
EndGlobal
