
Microsoft Visual Studio Solution File, Format Version 12.00
# Visual Studio Version 16
VisualStudioVersion = 16.0.29920.165
MinimumVisualStudioVersion = 10.0.40219.1
Project("{FAE04EC0-301F-11D3-BF4B-00C04F79EFBC}") = "Tutorials", "Tutorials.csproj", "{B0EB90AD-76F8-42BE-B547-C059E3D4107C}"
EndProject
Global
	GlobalSection(SolutionConfigurationPlatforms) = preSolution
		Debug|Any CPU = Debug|Any CPU
		Release|Any CPU = Release|Any CPU
	EndGlobalSection
	GlobalSection(ProjectConfigurationPlatforms) = postSolution
		{B0EB90AD-76F8-42BE-B547-C059E3D4107C}.Debug|Any CPU.ActiveCfg = Debug|Any CPU
		{B0EB90AD-76F8-42BE-B547-C059E3D4107C}.Debug|Any CPU.Build.0 = Debug|Any CPU
		{B0EB90AD-76F8-42BE-B547-C059E3D4107C}.Release|Any CPU.ActiveCfg = Release|Any CPU
		{B0EB90AD-76F8-42BE-B547-C059E3D4107C}.Release|Any CPU.Build.0 = Release|Any CPU
	EndGlobalSection
	GlobalSection(SolutionProperties) = preSolution
		HideSolutionNode = FALSE
	EndGlobalSection
	GlobalSection(ExtensibilityGlobals) = postSolution
		SolutionGuid = {D6BCC51B-F87E-445E-AE17-8A626512EB97}
	EndGlobalSection
EndGlobal
