
Microsoft Visual Studio Solution File, Format Version 12.00
# Visual Studio Version 16
VisualStudioVersion = 16.0.29920.165
MinimumVisualStudioVersion = 10.0.40219.1
Project("{FAE04EC0-301F-11D3-BF4B-00C04F79EFBC}") = "Tutorials", "Tutorials.csproj", "{56A07C48-3151-41AB-8029-373EEBDBB1A5}"
EndProject
Global
	GlobalSection(SolutionConfigurationPlatforms) = preSolution
		Debug|Any CPU = Debug|Any CPU
		Release|Any CPU = Release|Any CPU
	EndGlobalSection
	GlobalSection(ProjectConfigurationPlatforms) = postSolution
		{56A07C48-3151-41AB-8029-373EEBDBB1A5}.Debug|Any CPU.ActiveCfg = Debug|Any CPU
		{56A07C48-3151-41AB-8029-373EEBDBB1A5}.Debug|Any CPU.Build.0 = Debug|Any CPU
		{56A07C48-3151-41AB-8029-373EEBDBB1A5}.Release|Any CPU.ActiveCfg = Release|Any CPU
		{56A07C48-3151-41AB-8029-373EEBDBB1A5}.Release|Any CPU.Build.0 = Release|Any CPU
	EndGlobalSection
	GlobalSection(SolutionProperties) = preSolution
		HideSolutionNode = FALSE
	EndGlobalSection
	GlobalSection(ExtensibilityGlobals) = postSolution
		SolutionGuid = {28628DE0-5F2C-41F2-99D6-DA07D4C5AD6E}
	EndGlobalSection
EndGlobal
